
Microsoft Visual Studio Solution File, Format Version 12.00
# Visual Studio Version 17
VisualStudioVersion = 17.0.32014.148
MinimumVisualStudioVersion = 10.0.40219.1
Project("{FAE04EC0-301F-11D3-BF4B-00C04F79EFBC}") = "NuretaNeko.API", "NuretaNeko.API\NuretaNeko.API.csproj", "{E6927548-6A13-4508-A552-DDD286A4A458}"
EndProject
Project("{FAE04EC0-301F-11D3-BF4B-00C04F79EFBC}") = "NuretaNeko.Services", "NuretaNeko.Services\NuretaNeko.Services.csproj", "{F7D3A013-FBE3-4BE4-9AF3-83777F3A0ECE}"
EndProject
Project("{FAE04EC0-301F-11D3-BF4B-00C04F79EFBC}") = "NuretaNeko.AppModel", "NuretaNeko.AppModel\NuretaNeko.AppModel.csproj", "{7B02AF5D-79EE-43F3-922E-9C83216AB58D}"
EndProject
Project("{FAE04EC0-301F-11D3-BF4B-00C04F79EFBC}") = "NuretaNeko.Domain", "NuretaNeko.Domain\NuretaNeko.Domain.csproj", "{10B7C920-0439-440A-AE42-E77BB4F1C016}"
EndProject
Project("{FAE04EC0-301F-11D3-BF4B-00C04F79EFBC}") = "NuretaNeko.Infrastructure", "NuretaNeko.Infrastructure\NuretaNeko.Infrastructure.csproj", "{294FDDA5-A3C5-4129-96F1-65739D5BBDC4}"
EndProject
Global
	GlobalSection(SolutionConfigurationPlatforms) = preSolution
		Debug|Any CPU = Debug|Any CPU
		Release|Any CPU = Release|Any CPU
	EndGlobalSection
	GlobalSection(ProjectConfigurationPlatforms) = postSolution
		{E6927548-6A13-4508-A552-DDD286A4A458}.Debug|Any CPU.ActiveCfg = Debug|Any CPU
		{E6927548-6A13-4508-A552-DDD286A4A458}.Debug|Any CPU.Build.0 = Debug|Any CPU
		{E6927548-6A13-4508-A552-DDD286A4A458}.Release|Any CPU.ActiveCfg = Release|Any CPU
		{E6927548-6A13-4508-A552-DDD286A4A458}.Release|Any CPU.Build.0 = Release|Any CPU
		{F7D3A013-FBE3-4BE4-9AF3-83777F3A0ECE}.Debug|Any CPU.ActiveCfg = Debug|Any CPU
		{F7D3A013-FBE3-4BE4-9AF3-83777F3A0ECE}.Debug|Any CPU.Build.0 = Debug|Any CPU
		{F7D3A013-FBE3-4BE4-9AF3-83777F3A0ECE}.Release|Any CPU.ActiveCfg = Release|Any CPU
		{F7D3A013-FBE3-4BE4-9AF3-83777F3A0ECE}.Release|Any CPU.Build.0 = Release|Any CPU
		{7B02AF5D-79EE-43F3-922E-9C83216AB58D}.Debug|Any CPU.ActiveCfg = Debug|Any CPU
		{7B02AF5D-79EE-43F3-922E-9C83216AB58D}.Debug|Any CPU.Build.0 = Debug|Any CPU
		{7B02AF5D-79EE-43F3-922E-9C83216AB58D}.Release|Any CPU.ActiveCfg = Release|Any CPU
		{7B02AF5D-79EE-43F3-922E-9C83216AB58D}.Release|Any CPU.Build.0 = Release|Any CPU
		{10B7C920-0439-440A-AE42-E77BB4F1C016}.Debug|Any CPU.ActiveCfg = Debug|Any CPU
		{10B7C920-0439-440A-AE42-E77BB4F1C016}.Debug|Any CPU.Build.0 = Debug|Any CPU
		{10B7C920-0439-440A-AE42-E77BB4F1C016}.Release|Any CPU.ActiveCfg = Release|Any CPU
		{10B7C920-0439-440A-AE42-E77BB4F1C016}.Release|Any CPU.Build.0 = Release|Any CPU
		{294FDDA5-A3C5-4129-96F1-65739D5BBDC4}.Debug|Any CPU.ActiveCfg = Debug|Any CPU
		{294FDDA5-A3C5-4129-96F1-65739D5BBDC4}.Debug|Any CPU.Build.0 = Debug|Any CPU
		{294FDDA5-A3C5-4129-96F1-65739D5BBDC4}.Release|Any CPU.ActiveCfg = Release|Any CPU
		{294FDDA5-A3C5-4129-96F1-65739D5BBDC4}.Release|Any CPU.Build.0 = Release|Any CPU
	EndGlobalSection
	GlobalSection(SolutionProperties) = preSolution
		HideSolutionNode = FALSE
	EndGlobalSection
	GlobalSection(ExtensibilityGlobals) = postSolution
		SolutionGuid = {D9288D8C-B258-4011-BE39-D1DC9B4BBA8F}
	EndGlobalSection
EndGlobal
